
Microsoft Visual Studio Solution File, Format Version 12.00
# Visual Studio Version 17
VisualStudioVersion = 17.0.31903.59
MinimumVisualStudioVersion = 10.0.40219.1
Project("{FAE04EC0-301F-11D3-BF4B-00C04F79EFBC}") = "quantities", "quantities\quantities.csproj", "{D958569A-559A-4804-8C9B-5A11F9AEB563}"
EndProject
Project("{FAE04EC0-301F-11D3-BF4B-00C04F79EFBC}") = "quantities.test", "quantities.test\quantities.test.csproj", "{494A95D5-D21B-455C-A407-DF62C4EC14C5}"
EndProject
Project("{FAE04EC0-301F-11D3-BF4B-00C04F79EFBC}") = "quantities.benchmark", "quantities.benchmark\quantities.benchmark.csproj", "{846DA54C-EE92-4BCE-8E83-C2B173DB4F8F}"
EndProject
Project("{2150E333-8FDC-42A3-9474-1A3956D46DE8}") = "quantities.serialization", "quantities.serialization", "{E04095D5-F6D9-467F-9D7E-CC7AF8396E9F}"
EndProject
Project("{FAE04EC0-301F-11D3-BF4B-00C04F79EFBC}") = "quantities.serialization.text.json", "quantities.serialization\text.json\quantities.serialization.text.json.csproj", "{64C99937-7C3C-437A-BB52-CDF80F156EEE}"
EndProject
Project("{FAE04EC0-301F-11D3-BF4B-00C04F79EFBC}") = "quantities.serialization.newtonsoft", "quantities.serialization\newtonsoft\quantities.serialization.newtonsoft.csproj", "{77CD9A1A-1965-414B-B6A4-C580448E46BA}"
EndProject
Project("{FAE04EC0-301F-11D3-BF4B-00C04F79EFBC}") = "quantitier.serialization.newtonsoft.test", "quantities.serialization\newtonsoft.test\quantitier.serialization.newtonsoft.test.csproj", "{A8F2E897-0E78-4675-8A02-448EC8A61388}"
EndProject
Global
	GlobalSection(SolutionConfigurationPlatforms) = preSolution
		Debug|Any CPU = Debug|Any CPU
		Release|Any CPU = Release|Any CPU
	EndGlobalSection
	GlobalSection(SolutionProperties) = preSolution
		HideSolutionNode = FALSE
	EndGlobalSection
	GlobalSection(ProjectConfigurationPlatforms) = postSolution
		{D958569A-559A-4804-8C9B-5A11F9AEB563}.Debug|Any CPU.ActiveCfg = Debug|Any CPU
		{D958569A-559A-4804-8C9B-5A11F9AEB563}.Debug|Any CPU.Build.0 = Debug|Any CPU
		{D958569A-559A-4804-8C9B-5A11F9AEB563}.Release|Any CPU.ActiveCfg = Release|Any CPU
		{D958569A-559A-4804-8C9B-5A11F9AEB563}.Release|Any CPU.Build.0 = Release|Any CPU
		{494A95D5-D21B-455C-A407-DF62C4EC14C5}.Debug|Any CPU.ActiveCfg = Debug|Any CPU
		{494A95D5-D21B-455C-A407-DF62C4EC14C5}.Debug|Any CPU.Build.0 = Debug|Any CPU
		{494A95D5-D21B-455C-A407-DF62C4EC14C5}.Release|Any CPU.ActiveCfg = Release|Any CPU
		{494A95D5-D21B-455C-A407-DF62C4EC14C5}.Release|Any CPU.Build.0 = Release|Any CPU
		{846DA54C-EE92-4BCE-8E83-C2B173DB4F8F}.Debug|Any CPU.ActiveCfg = Debug|Any CPU
		{846DA54C-EE92-4BCE-8E83-C2B173DB4F8F}.Debug|Any CPU.Build.0 = Debug|Any CPU
		{846DA54C-EE92-4BCE-8E83-C2B173DB4F8F}.Release|Any CPU.ActiveCfg = Release|Any CPU
		{846DA54C-EE92-4BCE-8E83-C2B173DB4F8F}.Release|Any CPU.Build.0 = Release|Any CPU
		{64C99937-7C3C-437A-BB52-CDF80F156EEE}.Debug|Any CPU.ActiveCfg = Debug|Any CPU
		{64C99937-7C3C-437A-BB52-CDF80F156EEE}.Debug|Any CPU.Build.0 = Debug|Any CPU
		{64C99937-7C3C-437A-BB52-CDF80F156EEE}.Release|Any CPU.ActiveCfg = Release|Any CPU
		{64C99937-7C3C-437A-BB52-CDF80F156EEE}.Release|Any CPU.Build.0 = Release|Any CPU
		{77CD9A1A-1965-414B-B6A4-C580448E46BA}.Debug|Any CPU.ActiveCfg = Debug|Any CPU
		{77CD9A1A-1965-414B-B6A4-C580448E46BA}.Debug|Any CPU.Build.0 = Debug|Any CPU
		{77CD9A1A-1965-414B-B6A4-C580448E46BA}.Release|Any CPU.ActiveCfg = Release|Any CPU
		{77CD9A1A-1965-414B-B6A4-C580448E46BA}.Release|Any CPU.Build.0 = Release|Any CPU
		{A8F2E897-0E78-4675-8A02-448EC8A61388}.Debug|Any CPU.ActiveCfg = Debug|Any CPU
		{A8F2E897-0E78-4675-8A02-448EC8A61388}.Debug|Any CPU.Build.0 = Debug|Any CPU
		{A8F2E897-0E78-4675-8A02-448EC8A61388}.Release|Any CPU.ActiveCfg = Release|Any CPU
		{A8F2E897-0E78-4675-8A02-448EC8A61388}.Release|Any CPU.Build.0 = Release|Any CPU
	EndGlobalSection
	GlobalSection(NestedProjects) = preSolution
		{64C99937-7C3C-437A-BB52-CDF80F156EEE} = {E04095D5-F6D9-467F-9D7E-CC7AF8396E9F}
		{77CD9A1A-1965-414B-B6A4-C580448E46BA} = {E04095D5-F6D9-467F-9D7E-CC7AF8396E9F}
		{A8F2E897-0E78-4675-8A02-448EC8A61388} = {E04095D5-F6D9-467F-9D7E-CC7AF8396E9F}
	EndGlobalSection
EndGlobal
